// !$*UTF8*$!
{
	archiveVersion = 1;
	classes = {
	};
	objectVersion = 56;
	objects = {

/* Begin PBXBuildFile section */
		73DEB87328DB303600B26AF9 /* AppDelegate.swift in Sources */ = {isa = PBXBuildFile; fileRef = 73DEB87228DB303600B26AF9 /* AppDelegate.swift */; };
		73DEB87528DB303600B26AF9 /* SceneDelegate.swift in Sources */ = {isa = PBXBuildFile; fileRef = 73DEB87428DB303600B26AF9 /* SceneDelegate.swift */; };
		73DEB87728DB303600B26AF9 /* ViewController.swift in Sources */ = {isa = PBXBuildFile; fileRef = 73DEB87628DB303600B26AF9 /* ViewController.swift */; };
		73DEB87A28DB303600B26AF9 /* Main.storyboard in Resources */ = {isa = PBXBuildFile; fileRef = 73DEB87828DB303600B26AF9 /* Main.storyboard */; };
		73DEB87C28DB303800B26AF9 /* Assets.xcassets in Resources */ = {isa = PBXBuildFile; fileRef = 73DEB87B28DB303800B26AF9 /* Assets.xcassets */; };
		73DEB87F28DB303800B26AF9 /* LaunchScreen.storyboard in Resources */ = {isa = PBXBuildFile; fileRef = 73DEB87D28DB303800B26AF9 /* LaunchScreen.storyboard */; };
		73DEB88828DB315A00B26AF9 /* SkeletonView in Frameworks */ = {isa = PBXBuildFile; productRef = 73DEB88728DB315A00B26AF9 /* SkeletonView */; };
		73DEB88B28DB318000B26AF9 /* SDWebImage in Frameworks */ = {isa = PBXBuildFile; productRef = 73DEB88A28DB318000B26AF9 /* SDWebImage */; };
		73DEB88D28DB32B300B26AF9 /* User.swift in Sources */ = {isa = PBXBuildFile; fileRef = 73DEB88C28DB32B300B26AF9 /* User.swift */; };
		73DEB88F28DB340B00B26AF9 /* UserProfileLoadingView.swift in Sources */ = {isa = PBXBuildFile; fileRef = 73DEB88E28DB340B00B26AF9 /* UserProfileLoadingView.swift */; };
		73DEB89128DB382A00B26AF9 /* UIView+Extension.swift in Sources */ = {isa = PBXBuildFile; fileRef = 73DEB89028DB382A00B26AF9 /* UIView+Extension.swift */; };
		73DEB89328DB3D3300B26AF9 /* UserProfileContentView.swift in Sources */ = {isa = PBXBuildFile; fileRef = 73DEB89228DB3D3300B26AF9 /* UserProfileContentView.swift */; };
/* End PBXBuildFile section */

/* Begin PBXFileReference section */
		73DEB86F28DB303600B26AF9 /* CombineSkeletonView.app */ = {isa = PBXFileReference; explicitFileType = wrapper.application; includeInIndex = 0; path = CombineSkeletonView.app; sourceTree = BUILT_PRODUCTS_DIR; };
		73DEB87228DB303600B26AF9 /* AppDelegate.swift */ = {isa = PBXFileReference; lastKnownFileType = sourcecode.swift; path = AppDelegate.swift; sourceTree = "<group>"; };
		73DEB87428DB303600B26AF9 /* SceneDelegate.swift */ = {isa = PBXFileReference; lastKnownFileType = sourcecode.swift; path = SceneDelegate.swift; sourceTree = "<group>"; };
		73DEB87628DB303600B26AF9 /* ViewController.swift */ = {isa = PBXFileReference; lastKnownFileType = sourcecode.swift; path = ViewController.swift; sourceTree = "<group>"; };
		73DEB87928DB303600B26AF9 /* Base */ = {isa = PBXFileReference; lastKnownFileType = file.storyboard; name = Base; path = Base.lproj/Main.storyboard; sourceTree = "<group>"; };
		73DEB87B28DB303800B26AF9 /* Assets.xcassets */ = {isa = PBXFileReference; lastKnownFileType = folder.assetcatalog; path = Assets.xcassets; sourceTree = "<group>"; };
		73DEB87E28DB303800B26AF9 /* Base */ = {isa = PBXFileReference; lastKnownFileType = file.storyboard; name = Base; path = Base.lproj/LaunchScreen.storyboard; sourceTree = "<group>"; };
		73DEB88028DB303800B26AF9 /* Info.plist */ = {isa = PBXFileReference; lastKnownFileType = text.plist.xml; path = Info.plist; sourceTree = "<group>"; };
		73DEB88C28DB32B300B26AF9 /* User.swift */ = {isa = PBXFileReference; lastKnownFileType = sourcecode.swift; path = User.swift; sourceTree = "<group>"; };
		73DEB88E28DB340B00B26AF9 /* UserProfileLoadingView.swift */ = {isa = PBXFileReference; lastKnownFileType = sourcecode.swift; path = UserProfileLoadingView.swift; sourceTree = "<group>"; };
		73DEB89028DB382A00B26AF9 /* UIView+Extension.swift */ = {isa = PBXFileReference; lastKnownFileType = sourcecode.swift; path = "UIView+Extension.swift"; sourceTree = "<group>"; };
		73DEB89228DB3D3300B26AF9 /* UserProfileContentView.swift */ = {isa = PBXFileReference; lastKnownFileType = sourcecode.swift; path = UserProfileContentView.swift; sourceTree = "<group>"; };
/* End PBXFileReference section */

/* Begin PBXFrameworksBuildPhase section */
		73DEB86C28DB303600B26AF9 /* Frameworks */ = {
			isa = PBXFrameworksBuildPhase;
			buildActionMask = 2147483647;
			files = (
				73DEB88B28DB318000B26AF9 /* SDWebImage in Frameworks */,
				73DEB88828DB315A00B26AF9 /* SkeletonView in Frameworks */,
			);
			runOnlyForDeploymentPostprocessing = 0;
		};
/* End PBXFrameworksBuildPhase section */

/* Begin PBXGroup section */
		73DEB86628DB303600B26AF9 = {
			isa = PBXGroup;
			children = (
				73DEB87128DB303600B26AF9 /* CombineSkeletonView */,
				73DEB87028DB303600B26AF9 /* Products */,
			);
			sourceTree = "<group>";
		};
		73DEB87028DB303600B26AF9 /* Products */ = {
			isa = PBXGroup;
			children = (
				73DEB86F28DB303600B26AF9 /* CombineSkeletonView.app */,
			);
			name = Products;
			sourceTree = "<group>";
		};
		73DEB87128DB303600B26AF9 /* CombineSkeletonView */ = {
			isa = PBXGroup;
			children = (
				73DEB87228DB303600B26AF9 /* AppDelegate.swift */,
				73DEB87428DB303600B26AF9 /* SceneDelegate.swift */,
				73DEB89028DB382A00B26AF9 /* UIView+Extension.swift */,
				73DEB87628DB303600B26AF9 /* ViewController.swift */,
				73DEB88C28DB32B300B26AF9 /* User.swift */,
				73DEB88E28DB340B00B26AF9 /* UserProfileLoadingView.swift */,
				73DEB89228DB3D3300B26AF9 /* UserProfileContentView.swift */,
				73DEB87828DB303600B26AF9 /* Main.storyboard */,
				73DEB87B28DB303800B26AF9 /* Assets.xcassets */,
				73DEB87D28DB303800B26AF9 /* LaunchScreen.storyboard */,
				73DEB88028DB303800B26AF9 /* Info.plist */,
			);
			path = CombineSkeletonView;
			sourceTree = "<group>";
		};
/* End PBXGroup section */

/* Begin PBXNativeTarget section */
		73DEB86E28DB303600B26AF9 /* CombineSkeletonView */ = {
			isa = PBXNativeTarget;
			buildConfigurationList = 73DEB88328DB303800B26AF9 /* Build configuration list for PBXNativeTarget "CombineSkeletonView" */;
			buildPhases = (
				73DEB86B28DB303600B26AF9 /* Sources */,
				73DEB86C28DB303600B26AF9 /* Frameworks */,
				73DEB86D28DB303600B26AF9 /* Resources */,
			);
			buildRules = (
			);
			dependencies = (
			);
			name = CombineSkeletonView;
			packageProductDependencies = (
				73DEB88728DB315A00B26AF9 /* SkeletonView */,
				73DEB88A28DB318000B26AF9 /* SDWebImage */,
			);
			productName = CombineSkeletonView;
			productReference = 73DEB86F28DB303600B26AF9 /* CombineSkeletonView.app */;
			productType = "com.apple.product-type.application";
		};
/* End PBXNativeTarget section */

/* Begin PBXProject section */
		73DEB86728DB303600B26AF9 /* Project object */ = {
			isa = PBXProject;
			attributes = {
				BuildIndependentTargetsInParallel = 1;
				LastSwiftUpdateCheck = 1400;
				LastUpgradeCheck = 1400;
				TargetAttributes = {
					73DEB86E28DB303600B26AF9 = {
						CreatedOnToolsVersion = 14.0;
					};
				};
			};
			buildConfigurationList = 73DEB86A28DB303600B26AF9 /* Build configuration list for PBXProject "CombineSkeletonView" */;
			compatibilityVersion = "Xcode 14.0";
			developmentRegion = en;
			hasScannedForEncodings = 0;
			knownRegions = (
				en,
				Base,
			);
			mainGroup = 73DEB86628DB303600B26AF9;
			packageReferences = (
				73DEB88628DB315A00B26AF9 /* XCRemoteSwiftPackageReference "SkeletonView" */,
				73DEB88928DB318000B26AF9 /* XCRemoteSwiftPackageReference "SDWebImage" */,
			);
			productRefGroup = 73DEB87028DB303600B26AF9 /* Products */;
			projectDirPath = "";
			projectRoot = "";
			targets = (
				73DEB86E28DB303600B26AF9 /* CombineSkeletonView */,
			);
		};
/* End PBXProject section */

/* Begin PBXResourcesBuildPhase section */
		73DEB86D28DB303600B26AF9 /* Resources */ = {
			isa = PBXResourcesBuildPhase;
			buildActionMask = 2147483647;
			files = (
				73DEB87F28DB303800B26AF9 /* LaunchScreen.storyboard in Resources */,
				73DEB87C28DB303800B26AF9 /* Assets.xcassets in Resources */,
				73DEB87A28DB303600B26AF9 /* Main.storyboard in Resources */,
			);
			runOnlyForDeploymentPostprocessing = 0;
		};
/* End PBXResourcesBuildPhase section */

/* Begin PBXSourcesBuildPhase section */
		73DEB86B28DB303600B26AF9 /* Sources */ = {
			isa = PBXSourcesBuildPhase;
			buildActionMask = 2147483647;
			files = (
				73DEB89128DB382A00B26AF9 /* UIView+Extension.swift in Sources */,
				73DEB88D28DB32B300B26AF9 /* User.swift in Sources */,
				73DEB87728DB303600B26AF9 /* ViewController.swift in Sources */,
				73DEB87328DB303600B26AF9 /* AppDelegate.swift in Sources */,
				73DEB88F28DB340B00B26AF9 /* UserProfileLoadingView.swift in Sources */,
				73DEB87528DB303600B26AF9 /* SceneDelegate.swift in Sources */,
				73DEB89328DB3D3300B26AF9 /* UserProfileContentView.swift in Sources */,
			);
			runOnlyForDeploymentPostprocessing = 0;
		};
/* End PBXSourcesBuildPhase section */

/* Begin PBXVariantGroup section */
		73DEB87828DB303600B26AF9 /* Main.storyboard */ = {
			isa = PBXVariantGroup;
			children = (
				73DEB87928DB303600B26AF9 /* Base */,
			);
			name = Main.storyboard;
			sourceTree = "<group>";
		};
		73DEB87D28DB303800B26AF9 /* LaunchScreen.storyboard */ = {
			isa = PBXVariantGroup;
			children = (
				73DEB87E28DB303800B26AF9 /* Base */,
			);
			name = LaunchScreen.storyboard;
			sourceTree = "<group>";
		};
/* End PBXVariantGroup section */

/* Begin XCBuildConfiguration section */
		73DEB88128DB303800B26AF9 /* Debug */ = {
			isa = XCBuildConfiguration;
			buildSettings = {
				ALWAYS_SEARCH_USER_PATHS = NO;
				CLANG_ANALYZER_NONNULL = YES;
				CLANG_ANALYZER_NUMBER_OBJECT_CONVERSION = YES_AGGRESSIVE;
				CLANG_CXX_LANGUAGE_STANDARD = "gnu++20";
				CLANG_ENABLE_MODULES = YES;
				CLANG_ENABLE_OBJC_ARC = YES;
				CLANG_ENABLE_OBJC_WEAK = YES;
				CLANG_WARN_BLOCK_CAPTURE_AUTORELEASING = YES;
				CLANG_WARN_BOOL_CONVERSION = YES;
				CLANG_WARN_COMMA = YES;
				CLANG_WARN_CONSTANT_CONVERSION = YES;
				CLANG_WARN_DEPRECATED_OBJC_IMPLEMENTATIONS = YES;
				CLANG_WARN_DIRECT_OBJC_ISA_USAGE = YES_ERROR;
				CLANG_WARN_DOCUMENTATION_COMMENTS = YES;
				CLANG_WARN_EMPTY_BODY = YES;
				CLANG_WARN_ENUM_CONVERSION = YES;
				CLANG_WARN_INFINITE_RECURSION = YES;
				CLANG_WARN_INT_CONVERSION = YES;
				CLANG_WARN_NON_LITERAL_NULL_CONVERSION = YES;
				CLANG_WARN_OBJC_IMPLICIT_RETAIN_SELF = YES;
				CLANG_WARN_OBJC_LITERAL_CONVERSION = YES;
				CLANG_WARN_OBJC_ROOT_CLASS = YES_ERROR;
				CLANG_WARN_QUOTED_INCLUDE_IN_FRAMEWORK_HEADER = YES;
				CLANG_WARN_RANGE_LOOP_ANALYSIS = YES;
				CLANG_WARN_STRICT_PROTOTYPES = YES;
				CLANG_WARN_SUSPICIOUS_MOVE = YES;
				CLANG_WARN_UNGUARDED_AVAILABILITY = YES_AGGRESSIVE;
				CLANG_WARN_UNREACHABLE_CODE = YES;
				CLANG_WARN__DUPLICATE_METHOD_MATCH = YES;
				COPY_PHASE_STRIP = NO;
				DEBUG_INFORMATION_FORMAT = dwarf;
				ENABLE_STRICT_OBJC_MSGSEND = YES;
				ENABLE_TESTABILITY = YES;
				GCC_C_LANGUAGE_STANDARD = gnu11;
				GCC_DYNAMIC_NO_PIC = NO;
				GCC_NO_COMMON_BLOCKS = YES;
				GCC_OPTIMIZATION_LEVEL = 0;
				GCC_PREPROCESSOR_DEFINITIONS = (
					"DEBUG=1",
					"$(inherited)",
				);
				GCC_WARN_64_TO_32_BIT_CONVERSION = YES;
				GCC_WARN_ABOUT_RETURN_TYPE = YES_ERROR;
				GCC_WARN_UNDECLARED_SELECTOR = YES;
				GCC_WARN_UNINITIALIZED_AUTOS = YES_AGGRESSIVE;
				GCC_WARN_UNUSED_FUNCTION = YES;
				GCC_WARN_UNUSED_VARIABLE = YES;
				IPHONEOS_DEPLOYMENT_TARGET = 16.0;
				MTL_ENABLE_DEBUG_INFO = INCLUDE_SOURCE;
				MTL_FAST_MATH = YES;
				ONLY_ACTIVE_ARCH = YES;
				SDKROOT = iphoneos;
				SWIFT_ACTIVE_COMPILATION_CONDITIONS = DEBUG;
				SWIFT_OPTIMIZATION_LEVEL = "-Onone";
			};
			name = Debug;
		};
		73DEB88228DB303800B26AF9 /* Release */ = {
			isa = XCBuildConfiguration;
			buildSettings = {
				ALWAYS_SEARCH_USER_PATHS = NO;
				CLANG_ANALYZER_NONNULL = YES;
				CLANG_ANALYZER_NUMBER_OBJECT_CONVERSION = YES_AGGRESSIVE;
				CLANG_CXX_LANGUAGE_STANDARD = "gnu++20";
				CLANG_ENABLE_MODULES = YES;
				CLANG_ENABLE_OBJC_ARC = YES;
				CLANG_ENABLE_OBJC_WEAK = YES;
				CLANG_WARN_BLOCK_CAPTURE_AUTORELEASING = YES;
				CLANG_WARN_BOOL_CONVERSION = YES;
				CLANG_WARN_COMMA = YES;
				CLANG_WARN_CONSTANT_CONVERSION = YES;
				CLANG_WARN_DEPRECATED_OBJC_IMPLEMENTATIONS = YES;
				CLANG_WARN_DIRECT_OBJC_ISA_USAGE = YES_ERROR;
				CLANG_WARN_DOCUMENTATION_COMMENTS = YES;
				CLANG_WARN_EMPTY_BODY = YES;
				CLANG_WARN_ENUM_CONVERSION = YES;
				CLANG_WARN_INFINITE_RECURSION = YES;
				CLANG_WARN_INT_CONVERSION = YES;
				CLANG_WARN_NON_LITERAL_NULL_CONVERSION = YES;
				CLANG_WARN_OBJC_IMPLICIT_RETAIN_SELF = YES;
				CLANG_WARN_OBJC_LITERAL_CONVERSION = YES;
				CLANG_WARN_OBJC_ROOT_CLASS = YES_ERROR;
				CLANG_WARN_QUOTED_INCLUDE_IN_FRAMEWORK_HEADER = YES;
				CLANG_WARN_RANGE_LOOP_ANALYSIS = YES;
				CLANG_WARN_STRICT_PROTOTYPES = YES;
				CLANG_WARN_SUSPICIOUS_MOVE = YES;
				CLANG_WARN_UNGUARDED_AVAILABILITY = YES_AGGRESSIVE;
				CLANG_WARN_UNREACHABLE_CODE = YES;
				CLANG_WARN__DUPLICATE_METHOD_MATCH = YES;
				COPY_PHASE_STRIP = NO;
				DEBUG_INFORMATION_FORMAT = "dwarf-with-dsym";
				ENABLE_NS_ASSERTIONS = NO;
				ENABLE_STRICT_OBJC_MSGSEND = YES;
				GCC_C_LANGUAGE_STANDARD = gnu11;
				GCC_NO_COMMON_BLOCKS = YES;
				GCC_WARN_64_TO_32_BIT_CONVERSION = YES;
				GCC_WARN_ABOUT_RETURN_TYPE = YES_ERROR;
				GCC_WARN_UNDECLARED_SELECTOR = YES;
				GCC_WARN_UNINITIALIZED_AUTOS = YES_AGGRESSIVE;
				GCC_WARN_UNUSED_FUNCTION = YES;
				GCC_WARN_UNUSED_VARIABLE = YES;
				IPHONEOS_DEPLOYMENT_TARGET = 16.0;
				MTL_ENABLE_DEBUG_INFO = NO;
				MTL_FAST_MATH = YES;
				SDKROOT = iphoneos;
				SWIFT_COMPILATION_MODE = wholemodule;
				SWIFT_OPTIMIZATION_LEVEL = "-O";
				VALIDATE_PRODUCT = YES;
			};
			name = Release;
		};
		73DEB88428DB303800B26AF9 /* Debug */ = {
			isa = XCBuildConfiguration;
			buildSettings = {
				ASSETCATALOG_COMPILER_APPICON_NAME = AppIcon;
				ASSETCATALOG_COMPILER_GLOBAL_ACCENT_COLOR_NAME = AccentColor;
				CODE_SIGN_STYLE = Automatic;
				CURRENT_PROJECT_VERSION = 1;
				DEVELOPMENT_TEAM = 7VVYD72B39;
				GENERATE_INFOPLIST_FILE = YES;
				INFOPLIST_FILE = CombineSkeletonView/Info.plist;
				INFOPLIST_KEY_UIApplicationSupportsIndirectInputEvents = YES;
				INFOPLIST_KEY_UILaunchStoryboardName = LaunchScreen;
				INFOPLIST_KEY_UIMainStoryboardFile = Main;
				INFOPLIST_KEY_UISupportedInterfaceOrientations_iPad = "UIInterfaceOrientationPortrait UIInterfaceOrientationPortraitUpsideDown UIInterfaceOrientationLandscapeLeft UIInterfaceOrientationLandscapeRight";
				INFOPLIST_KEY_UISupportedInterfaceOrientations_iPhone = "UIInterfaceOrientationPortrait UIInterfaceOrientationLandscapeLeft UIInterfaceOrientationLandscapeRight";
				LD_RUNPATH_SEARCH_PATHS = (
					"$(inherited)",
					"@executable_path/Frameworks",
				);
				MARKETING_VERSION = 1.0;
				PRODUCT_BUNDLE_IDENTIFIER = anies.app.CombineSkeletonView;
				PRODUCT_NAME = "$(TARGET_NAME)";
				SWIFT_EMIT_LOC_STRINGS = YES;
				SWIFT_VERSION = 5.0;
				TARGETED_DEVICE_FAMILY = "1,2";
			};
			name = Debug;
		};
		73DEB88528DB303800B26AF9 /* Release */ = {
			isa = XCBuildConfiguration;
			buildSettings = {
				ASSETCATALOG_COMPILER_APPICON_NAME = AppIcon;
				ASSETCATALOG_COMPILER_GLOBAL_ACCENT_COLOR_NAME = AccentColor;
				CODE_SIGN_STYLE = Automatic;
				CURRENT_PROJECT_VERSION = 1;
				DEVELOPMENT_TEAM = 7VVYD72B39;
				GENERATE_INFOPLIST_FILE = YES;
				INFOPLIST_FILE = CombineSkeletonView/Info.plist;
				INFOPLIST_KEY_UIApplicationSupportsIndirectInputEvents = YES;
				INFOPLIST_KEY_UILaunchStoryboardName = LaunchScreen;
				INFOPLIST_KEY_UIMainStoryboardFile = Main;
				INFOPLIST_KEY_UISupportedInterfaceOrientations_iPad = "UIInterfaceOrientationPortrait UIInterfaceOrientationPortraitUpsideDown UIInterfaceOrientationLandscapeLeft UIInterfaceOrientationLandscapeRight";
				INFOPLIST_KEY_UISupportedInterfaceOrientations_iPhone = "UIInterfaceOrientationPortrait UIInterfaceOrientationLandscapeLeft UIInterfaceOrientationLandscapeRight";
				LD_RUNPATH_SEARCH_PATHS = (
					"$(inherited)",
					"@executable_path/Frameworks",
				);
				MARKETING_VERSION = 1.0;
				PRODUCT_BUNDLE_IDENTIFIER = anies.app.CombineSkeletonView;
				PRODUCT_NAME = "$(TARGET_NAME)";
				SWIFT_EMIT_LOC_STRINGS = YES;
				SWIFT_VERSION = 5.0;
				TARGETED_DEVICE_FAMILY = "1,2";
			};
			name = Release;
		};
/* End XCBuildConfiguration section */

/* Begin XCConfigurationList section */
		73DEB86A28DB303600B26AF9 /* Build configuration list for PBXProject "CombineSkeletonView" */ = {
			isa = XCConfigurationList;
			buildConfigurations = (
				73DEB88128DB303800B26AF9 /* Debug */,
				73DEB88228DB303800B26AF9 /* Release */,
			);
			defaultConfigurationIsVisible = 0;
			defaultConfigurationName = Release;
		};
		73DEB88328DB303800B26AF9 /* Build configuration list for PBXNativeTarget "CombineSkeletonView" */ = {
			isa = XCConfigurationList;
			buildConfigurations = (
				73DEB88428DB303800B26AF9 /* Debug */,
				73DEB88528DB303800B26AF9 /* Release */,
			);
			defaultConfigurationIsVisible = 0;
			defaultConfigurationName = Release;
		};
/* End XCConfigurationList section */

/* Begin XCRemoteSwiftPackageReference section */
		73DEB88628DB315A00B26AF9 /* XCRemoteSwiftPackageReference "SkeletonView" */ = {
			isa = XCRemoteSwiftPackageReference;
			repositoryURL = "https://github.com/Juanpe/SkeletonView";
			requirement = {
				kind = upToNextMajorVersion;
				minimumVersion = 1.0.0;
			};
		};
		73DEB88928DB318000B26AF9 /* XCRemoteSwiftPackageReference "SDWebImage" */ = {
			isa = XCRemoteSwiftPackageReference;
			repositoryURL = "https://github.com/SDWebImage/SDWebImage";
			requirement = {
				branch = master;
				kind = branch;
			};
		};
/* End XCRemoteSwiftPackageReference section */

/* Begin XCSwiftPackageProductDependency section */
		73DEB88728DB315A00B26AF9 /* SkeletonView */ = {
			isa = XCSwiftPackageProductDependency;
			package = 73DEB88628DB315A00B26AF9 /* XCRemoteSwiftPackageReference "SkeletonView" */;
			productName = SkeletonView;
		};
		73DEB88A28DB318000B26AF9 /* SDWebImage */ = {
			isa = XCSwiftPackageProductDependency;
			package = 73DEB88928DB318000B26AF9 /* XCRemoteSwiftPackageReference "SDWebImage" */;
			productName = SDWebImage;
		};
/* End XCSwiftPackageProductDependency section */
	};
	rootObject = 73DEB86728DB303600B26AF9 /* Project object */;
}
