{
  "pins" : [
    {
      "identity" : "sdwebimage",
      "kind" : "remoteSourceControl",
      "location" : "https://github.com/SDWebImage/SDWebImage",
      "state" : {
        "branch" : "master",
        "revision" : "484bc774e1091f622c4856e576ff957b29403676"
      }
    },
    {
      "identity" : "skeletonview",
      "kind" : "remoteSourceControl",
      "location" : "https://github.com/Juanpe/SkeletonView",
      "state" : {
        "revision" : "ca7d2edceee613e47b7857029fc82de633460e6f",
        "version" : "1.30.2"
      }
    }
  ],
  "version" : 2
}
